
Microsoft Visual Studio Solution File, Format Version 12.00
# Visual Studio Version 17
VisualStudioVersion = 17.0.32014.148
MinimumVisualStudioVersion = 10.0.40219.1
Project("{9A19103F-16F7-4668-BE54-9A1E7A4F7556}") = "ApiGateway.API", "ApiGateway.API\ApiGateway.API.csproj", "{1C4974E5-6A62-4685-B5AC-3920F9813254}"
EndProject
Project("{9A19103F-16F7-4668-BE54-9A1E7A4F7556}") = "AspNetCore.ApiGateway", "AspNetCore.ApiGateway\AspNetCore.ApiGateway.csproj", "{2B2E905B-E9A8-4B3C-9C76-4ABBF2058CB3}"
EndProject
Project("{9A19103F-16F7-4668-BE54-9A1E7A4F7556}") = "Weather.API", "Weather.API\Weather.API.csproj", "{E41777CD-5CC1-4A4D-AEC5-CA2655858302}"
EndProject
Project("{9A19103F-16F7-4668-BE54-9A1E7A4F7556}") = "Stock.API", "Stock.API\Stock.API.csproj", "{F842D41F-0B22-49B7-81BB-900DFAEE187F}"
EndProject
Project("{2150E333-8FDC-42A3-9474-1A3956D46DE8}") = "src", "src", "{09FF380F-5D8D-417E-B16A-ABB9109FE882}"
EndProject
Project("{2150E333-8FDC-42A3-9474-1A3956D46DE8}") = "Backend Apis", "Backend Apis", "{D4F82E65-703A-4A4E-AFDF-CF8E5638C922}"
EndProject
Project("{2150E333-8FDC-42A3-9474-1A3956D46DE8}") = "Gateway Api", "Gateway Api", "{042DBA12-AE6F-43F3-8BC4-1204678F90D2}"
EndProject
Project("{2150E333-8FDC-42A3-9474-1A3956D46DE8}") = "Solution Items", "Solution Items", "{53D0A45B-F986-4634-926C-380A86C6DC35}"
	ProjectSection(SolutionItems) = preProject
		.gitignore = .gitignore
		.travis.yml = .travis.yml
		Docs\ApiGateway.PNG = Docs\ApiGateway.PNG
		Docs\ApiGatewayCall.PNG = Docs\ApiGatewayCall.PNG
		Docs\Architecture.png = Docs\Architecture.png
		Docs\Delete.PNG = Docs\Delete.PNG
		Docs\FacadeDesignPattern.PNG = Docs\FacadeDesignPattern.PNG
		Docs\GETWithParams.PNG = Docs\GETWithParams.PNG
		Docs\GETWithParams1.PNG = Docs\GETWithParams1.PNG
		Docs\GETWithParams2.PNG = Docs\GETWithParams2.PNG
		Docs\HEAD.PNG = Docs\HEAD.PNG
		LICENSE = LICENSE
		Docs\NetClient.png = Docs\NetClient.png
		Docs\Orchestration.PNG = Docs\Orchestration.PNG
		Docs\Patch.PNG = Docs\Patch.PNG
		Docs\POST.PNG = Docs\POST.PNG
		README.md = README.md
		Docs\README_ActionFilters.md = Docs\README_ActionFilters.md
		Docs\README_Authorization.md = Docs\README_Authorization.md
		Docs\README_ConfigSettings.md = Docs\README_ConfigSettings.md
		Docs\README_Customizations.md = Docs\README_Customizations.md
		Docs\README_EventSourcing.md = Docs\README_EventSourcing.md
		Docs\README_ExceptionFilters.md = Docs\README_ExceptionFilters.md
		Docs\README_LoadBalancing.md = Docs\README_LoadBalancing.md
		Docs\README_Middleware_Service.md = Docs\README_Middleware_Service.md
		Docs\README_Net_Client.md = Docs\README_Net_Client.md
		Docs\README_Orchestration.md = Docs\README_Orchestration.md
		Docs\README_ResponseCaching.md = Docs\README_ResponseCaching.md
		Docs\README_ResultFilters.md = Docs\README_ResultFilters.md
		Docs\README_Typescript_Client.md = Docs\README_Typescript_Client.md
		Docs\README_VERBS.md = Docs\README_VERBS.md
		Docs\README_WebSockets.md = Docs\README_WebSockets.md
		Docs\Update.PNG = Docs\Update.PNG
		Docs\WebSockets.PNG = Docs\WebSockets.PNG
	EndProjectSection
EndProject
Project("{2150E333-8FDC-42A3-9474-1A3956D46DE8}") = "Tests", "Tests", "{9D128641-6505-45C2-8385-8675F9A53370}"
EndProject
Project("{9A19103F-16F7-4668-BE54-9A1E7A4F7556}") = "AspNetCore.ApiGateway.Tests", "AspNetCore.ApiGateway.Tests\AspNetCore.ApiGateway.Tests.csproj", "{59B619C4-69D6-4582-B91E-1936C124A42F}"
EndProject
Project("{9A19103F-16F7-4668-BE54-9A1E7A4F7556}") = "Backend.Hubs", "Backend.Hubs\Backend.Hubs.csproj", "{EA7A3C5B-99ED-4869-AA0B-C9271FA10488}"
EndProject
Project("{9A19103F-16F7-4668-BE54-9A1E7A4F7556}") = "Hub.Client", "Hub.Client\Hub.Client.csproj", "{CC231CB2-C4C6-40E4-8588-1F6570D6AFEC}"
EndProject
Project("{2150E333-8FDC-42A3-9474-1A3956D46DE8}") = "Clients", "Clients", "{2BDB2B61-2A38-41AC-AF33-602E18497C1B}"
EndProject
Project("{9A19103F-16F7-4668-BE54-9A1E7A4F7556}") = "AspNetCore.ApiGateway.Client", "AspNetCore.ApiGateway.Client\AspNetCore.ApiGateway.Client.csproj", "{4EEA8028-DAB4-4A8E-B4CF-BA95A52E3028}"
EndProject
Global
	GlobalSection(SolutionConfigurationPlatforms) = preSolution
		Debug|Any CPU = Debug|Any CPU
		Release|Any CPU = Release|Any CPU
	EndGlobalSection
	GlobalSection(ProjectConfigurationPlatforms) = postSolution
		{1C4974E5-6A62-4685-B5AC-3920F9813254}.Debug|Any CPU.ActiveCfg = Debug|Any CPU
		{1C4974E5-6A62-4685-B5AC-3920F9813254}.Debug|Any CPU.Build.0 = Debug|Any CPU
		{1C4974E5-6A62-4685-B5AC-3920F9813254}.Release|Any CPU.ActiveCfg = Release|Any CPU
		{1C4974E5-6A62-4685-B5AC-3920F9813254}.Release|Any CPU.Build.0 = Release|Any CPU
		{2B2E905B-E9A8-4B3C-9C76-4ABBF2058CB3}.Debug|Any CPU.ActiveCfg = Debug|Any CPU
		{2B2E905B-E9A8-4B3C-9C76-4ABBF2058CB3}.Debug|Any CPU.Build.0 = Debug|Any CPU
		{2B2E905B-E9A8-4B3C-9C76-4ABBF2058CB3}.Release|Any CPU.ActiveCfg = Release|Any CPU
		{2B2E905B-E9A8-4B3C-9C76-4ABBF2058CB3}.Release|Any CPU.Build.0 = Release|Any CPU
		{E41777CD-5CC1-4A4D-AEC5-CA2655858302}.Debug|Any CPU.ActiveCfg = Debug|Any CPU
		{E41777CD-5CC1-4A4D-AEC5-CA2655858302}.Debug|Any CPU.Build.0 = Debug|Any CPU
		{E41777CD-5CC1-4A4D-AEC5-CA2655858302}.Release|Any CPU.ActiveCfg = Release|Any CPU
		{E41777CD-5CC1-4A4D-AEC5-CA2655858302}.Release|Any CPU.Build.0 = Release|Any CPU
		{F842D41F-0B22-49B7-81BB-900DFAEE187F}.Debug|Any CPU.ActiveCfg = Debug|Any CPU
		{F842D41F-0B22-49B7-81BB-900DFAEE187F}.Debug|Any CPU.Build.0 = Debug|Any CPU
		{F842D41F-0B22-49B7-81BB-900DFAEE187F}.Release|Any CPU.ActiveCfg = Release|Any CPU
		{F842D41F-0B22-49B7-81BB-900DFAEE187F}.Release|Any CPU.Build.0 = Release|Any CPU
		{59B619C4-69D6-4582-B91E-1936C124A42F}.Debug|Any CPU.ActiveCfg = Debug|Any CPU
		{59B619C4-69D6-4582-B91E-1936C124A42F}.Debug|Any CPU.Build.0 = Debug|Any CPU
		{59B619C4-69D6-4582-B91E-1936C124A42F}.Release|Any CPU.ActiveCfg = Release|Any CPU
		{59B619C4-69D6-4582-B91E-1936C124A42F}.Release|Any CPU.Build.0 = Release|Any CPU
		{EA7A3C5B-99ED-4869-AA0B-C9271FA10488}.Debug|Any CPU.ActiveCfg = Debug|Any CPU
		{EA7A3C5B-99ED-4869-AA0B-C9271FA10488}.Debug|Any CPU.Build.0 = Debug|Any CPU
		{EA7A3C5B-99ED-4869-AA0B-C9271FA10488}.Release|Any CPU.ActiveCfg = Release|Any CPU
		{EA7A3C5B-99ED-4869-AA0B-C9271FA10488}.Release|Any CPU.Build.0 = Release|Any CPU
		{CC231CB2-C4C6-40E4-8588-1F6570D6AFEC}.Debug|Any CPU.ActiveCfg = Debug|Any CPU
		{CC231CB2-C4C6-40E4-8588-1F6570D6AFEC}.Debug|Any CPU.Build.0 = Debug|Any CPU
		{CC231CB2-C4C6-40E4-8588-1F6570D6AFEC}.Release|Any CPU.ActiveCfg = Release|Any CPU
		{CC231CB2-C4C6-40E4-8588-1F6570D6AFEC}.Release|Any CPU.Build.0 = Release|Any CPU
		{4EEA8028-DAB4-4A8E-B4CF-BA95A52E3028}.Debug|Any CPU.ActiveCfg = Debug|Any CPU
		{4EEA8028-DAB4-4A8E-B4CF-BA95A52E3028}.Debug|Any CPU.Build.0 = Debug|Any CPU
		{4EEA8028-DAB4-4A8E-B4CF-BA95A52E3028}.Release|Any CPU.ActiveCfg = Release|Any CPU
		{4EEA8028-DAB4-4A8E-B4CF-BA95A52E3028}.Release|Any CPU.Build.0 = Release|Any CPU
	EndGlobalSection
	GlobalSection(SolutionProperties) = preSolution
		HideSolutionNode = FALSE
	EndGlobalSection
	GlobalSection(NestedProjects) = preSolution
		{1C4974E5-6A62-4685-B5AC-3920F9813254} = {042DBA12-AE6F-43F3-8BC4-1204678F90D2}
		{2B2E905B-E9A8-4B3C-9C76-4ABBF2058CB3} = {09FF380F-5D8D-417E-B16A-ABB9109FE882}
		{E41777CD-5CC1-4A4D-AEC5-CA2655858302} = {D4F82E65-703A-4A4E-AFDF-CF8E5638C922}
		{F842D41F-0B22-49B7-81BB-900DFAEE187F} = {D4F82E65-703A-4A4E-AFDF-CF8E5638C922}
		{59B619C4-69D6-4582-B91E-1936C124A42F} = {9D128641-6505-45C2-8385-8675F9A53370}
		{EA7A3C5B-99ED-4869-AA0B-C9271FA10488} = {D4F82E65-703A-4A4E-AFDF-CF8E5638C922}
		{CC231CB2-C4C6-40E4-8588-1F6570D6AFEC} = {2BDB2B61-2A38-41AC-AF33-602E18497C1B}
		{4EEA8028-DAB4-4A8E-B4CF-BA95A52E3028} = {09FF380F-5D8D-417E-B16A-ABB9109FE882}
	EndGlobalSection
	GlobalSection(ExtensibilityGlobals) = postSolution
		SolutionGuid = {D41EFF44-6827-41B7-9F6F-62057780D65C}
	EndGlobalSection
EndGlobal
